
Microsoft Visual Studio Solution File, Format Version 12.00
# Visual Studio Version 16
VisualStudioVersion = 16.0.31112.23
MinimumVisualStudioVersion = 10.0.40219.1
Project("{FAE04EC0-301F-11D3-BF4B-00C04F79EFBC}") = "pr 5 glebov 01.01", "pr 5 glebov 01.01\pr 5 glebov 01.01.csproj", "{01467D7E-6631-4556-891C-3DD884F144AF}"
EndProject
Global
	GlobalSection(SolutionConfigurationPlatforms) = preSolution
		Debug|Any CPU = Debug|Any CPU
		Release|Any CPU = Release|Any CPU
	EndGlobalSection
	GlobalSection(ProjectConfigurationPlatforms) = postSolution
		{01467D7E-6631-4556-891C-3DD884F144AF}.Debug|Any CPU.ActiveCfg = Debug|Any CPU
		{01467D7E-6631-4556-891C-3DD884F144AF}.Debug|Any CPU.Build.0 = Debug|Any CPU
		{01467D7E-6631-4556-891C-3DD884F144AF}.Release|Any CPU.ActiveCfg = Release|Any CPU
		{01467D7E-6631-4556-891C-3DD884F144AF}.Release|Any CPU.Build.0 = Release|Any CPU
	EndGlobalSection
	GlobalSection(SolutionProperties) = preSolution
		HideSolutionNode = FALSE
	EndGlobalSection
	GlobalSection(ExtensibilityGlobals) = postSolution
		SolutionGuid = {C697B9CF-5009-43BE-A71D-0A69CB597C61}
	EndGlobalSection
EndGlobal
