
Microsoft Visual Studio Solution File, Format Version 12.00
# Visual Studio Version 16
VisualStudioVersion = 16.0.31112.23
MinimumVisualStudioVersion = 10.0.40219.1
Project("{FAE04EC0-301F-11D3-BF4B-00C04F79EFBC}") = "pr 7 glebov 01.01", "pr 7 glebov 01.01\pr 7 glebov 01.01.csproj", "{BC2B24F9-101D-47B0-B065-C3CE6C10784C}"
EndProject
Global
	GlobalSection(SolutionConfigurationPlatforms) = preSolution
		Debug|Any CPU = Debug|Any CPU
		Release|Any CPU = Release|Any CPU
	EndGlobalSection
	GlobalSection(ProjectConfigurationPlatforms) = postSolution
		{BC2B24F9-101D-47B0-B065-C3CE6C10784C}.Debug|Any CPU.ActiveCfg = Debug|Any CPU
		{BC2B24F9-101D-47B0-B065-C3CE6C10784C}.Debug|Any CPU.Build.0 = Debug|Any CPU
		{BC2B24F9-101D-47B0-B065-C3CE6C10784C}.Release|Any CPU.ActiveCfg = Release|Any CPU
		{BC2B24F9-101D-47B0-B065-C3CE6C10784C}.Release|Any CPU.Build.0 = Release|Any CPU
	EndGlobalSection
	GlobalSection(SolutionProperties) = preSolution
		HideSolutionNode = FALSE
	EndGlobalSection
	GlobalSection(ExtensibilityGlobals) = postSolution
		SolutionGuid = {A6BD4CA3-FE21-44F3-A32C-9A9F95CAB320}
	EndGlobalSection
EndGlobal
